
Microsoft Visual Studio Solution File, Format Version 12.00
# Visual Studio Version 17
VisualStudioVersion = 17.6.33723.286
MinimumVisualStudioVersion = 10.0.40219.1
Project("{FAE04EC0-301F-11D3-BF4B-00C04F79EFBC}") = "Flappy Bird Project", "Flappy Bird Project\Flappy Bird Project.csproj", "{EE900AEB-8CC3-4E96-B342-0A7739A1D0D8}"
EndProject
Global
	GlobalSection(SolutionConfigurationPlatforms) = preSolution
		Debug|Any CPU = Debug|Any CPU
		Release|Any CPU = Release|Any CPU
	EndGlobalSection
	GlobalSection(ProjectConfigurationPlatforms) = postSolution
		{EE900AEB-8CC3-4E96-B342-0A7739A1D0D8}.Debug|Any CPU.ActiveCfg = Debug|Any CPU
		{EE900AEB-8CC3-4E96-B342-0A7739A1D0D8}.Debug|Any CPU.Build.0 = Debug|Any CPU
		{EE900AEB-8CC3-4E96-B342-0A7739A1D0D8}.Release|Any CPU.ActiveCfg = Release|Any CPU
		{EE900AEB-8CC3-4E96-B342-0A7739A1D0D8}.Release|Any CPU.Build.0 = Release|Any CPU
	EndGlobalSection
	GlobalSection(SolutionProperties) = preSolution
		HideSolutionNode = FALSE
	EndGlobalSection
	GlobalSection(ExtensibilityGlobals) = postSolution
		SolutionGuid = {C784C9B3-1EC7-4C07-914E-0E3DB2BC3AF8}
	EndGlobalSection
EndGlobal
